// !$*UTF8*$!
{
	archiveVersion = 1;
	classes = {
	};
	objectVersion = 46;
	objects = {

/* Begin PBXBuildFile section */
		5C5A37B71A8A03EC00A37747 /* main.m in Sources */ = {isa = PBXBuildFile; fileRef = 5C5A37B61A8A03EC00A37747 /* main.m */; };
		5C5A37BA1A8A03EC00A37747 /* AppDelegate.m in Sources */ = {isa = PBXBuildFile; fileRef = 5C5A37B91A8A03EC00A37747 /* AppDelegate.m */; };
		5C5A37BD1A8A03EC00A37747 /* ViewController.m in Sources */ = {isa = PBXBuildFile; fileRef = 5C5A37BC1A8A03EC00A37747 /* ViewController.m */; };
		5C5A37C01A8A03EC00A37747 /* Main.storyboard in Resources */ = {isa = PBXBuildFile; fileRef = 5C5A37BE1A8A03EC00A37747 /* Main.storyboard */; };
		5C5A37C21A8A03EC00A37747 /* Images.xcassets in Resources */ = {isa = PBXBuildFile; fileRef = 5C5A37C11A8A03EC00A37747 /* Images.xcassets */; };
		5C5A37C51A8A03EC00A37747 /* LaunchScreen.xib in Resources */ = {isa = PBXBuildFile; fileRef = 5C5A37C31A8A03EC00A37747 /* LaunchScreen.xib */; };
		5C5A37D11A8A03EC00A37747 /* LMFetalMoveCounterProgressTests.m in Sources */ = {isa = PBXBuildFile; fileRef = 5C5A37D01A8A03EC00A37747 /* LMFetalMoveCounterProgressTests.m */; };
		5C5A37DC1A8A043B00A37747 /* FetalMoveCounterProgressView.m in Sources */ = {isa = PBXBuildFile; fileRef = 5C5A37DB1A8A043B00A37747 /* FetalMoveCounterProgressView.m */; };
		5C5A37DF1A8A070900A37747 /* annularBottomShow@2x.png in Resources */ = {isa = PBXBuildFile; fileRef = 5C5A37DD1A8A070900A37747 /* annularBottomShow@2x.png */; };
		5C5A37E01A8A070900A37747 /* annularFrontShow@2x.png in Resources */ = {isa = PBXBuildFile; fileRef = 5C5A37DE1A8A070900A37747 /* annularFrontShow@2x.png */; };
		5C5A37E21A8A072B00A37747 /* arrowBg@2x.png in Resources */ = {isa = PBXBuildFile; fileRef = 5C5A37E11A8A072B00A37747 /* arrowBg@2x.png */; };
/* End PBXBuildFile section */

/* Begin PBXContainerItemProxy section */
		5C5A37CB1A8A03EC00A37747 /* PBXContainerItemProxy */ = {
			isa = PBXContainerItemProxy;
			containerPortal = 5C5A37A91A8A03EC00A37747 /* Project object */;
			proxyType = 1;
			remoteGlobalIDString = 5C5A37B01A8A03EC00A37747;
			remoteInfo = LMFetalMoveCounterProgress;
		};
/* End PBXContainerItemProxy section */

/* Begin PBXFileReference section */
		5C5A37B11A8A03EC00A37747 /* LMFetalMoveCounterProgress.app */ = {isa = PBXFileReference; explicitFileType = wrapper.application; includeInIndex = 0; path = LMFetalMoveCounterProgress.app; sourceTree = BUILT_PRODUCTS_DIR; };
		5C5A37B51A8A03EC00A37747 /* Info.plist */ = {isa = PBXFileReference; lastKnownFileType = text.plist.xml; path = Info.plist; sourceTree = "<group>"; };
		5C5A37B61A8A03EC00A37747 /* main.m */ = {isa = PBXFileReference; lastKnownFileType = sourcecode.c.objc; path = main.m; sourceTree = "<group>"; };
		5C5A37B81A8A03EC00A37747 /* AppDelegate.h */ = {isa = PBXFileReference; lastKnownFileType = sourcecode.c.h; path = AppDelegate.h; sourceTree = "<group>"; };
		5C5A37B91A8A03EC00A37747 /* AppDelegate.m */ = {isa = PBXFileReference; lastKnownFileType = sourcecode.c.objc; path = AppDelegate.m; sourceTree = "<group>"; };
		5C5A37BB1A8A03EC00A37747 /* ViewController.h */ = {isa = PBXFileReference; lastKnownFileType = sourcecode.c.h; path = ViewController.h; sourceTree = "<group>"; };
		5C5A37BC1A8A03EC00A37747 /* ViewController.m */ = {isa = PBXFileReference; lastKnownFileType = sourcecode.c.objc; path = ViewController.m; sourceTree = "<group>"; };
		5C5A37BF1A8A03EC00A37747 /* Base */ = {isa = PBXFileReference; lastKnownFileType = file.storyboard; name = Base; path = Base.lproj/Main.storyboard; sourceTree = "<group>"; };
		5C5A37C11A8A03EC00A37747 /* Images.xcassets */ = {isa = PBXFileReference; lastKnownFileType = folder.assetcatalog; path = Images.xcassets; sourceTree = "<group>"; };
		5C5A37C41A8A03EC00A37747 /* Base */ = {isa = PBXFileReference; lastKnownFileType = file.xib; name = Base; path = Base.lproj/LaunchScreen.xib; sourceTree = "<group>"; };
		5C5A37CA1A8A03EC00A37747 /* LMFetalMoveCounterProgressTests.xctest */ = {isa = PBXFileReference; explicitFileType = wrapper.cfbundle; includeInIndex = 0; path = LMFetalMoveCounterProgressTests.xctest; sourceTree = BUILT_PRODUCTS_DIR; };
		5C5A37CF1A8A03EC00A37747 /* Info.plist */ = {isa = PBXFileReference; lastKnownFileType = text.plist.xml; path = Info.plist; sourceTree = "<group>"; };
		5C5A37D01A8A03EC00A37747 /* LMFetalMoveCounterProgressTests.m */ = {isa = PBXFileReference; lastKnownFileType = sourcecode.c.objc; path = LMFetalMoveCounterProgressTests.m; sourceTree = "<group>"; };
		5C5A37DA1A8A043B00A37747 /* FetalMoveCounterProgressView.h */ = {isa = PBXFileReference; fileEncoding = 4; lastKnownFileType = sourcecode.c.h; path = FetalMoveCounterProgressView.h; sourceTree = "<group>"; };
		5C5A37DB1A8A043B00A37747 /* FetalMoveCounterProgressView.m */ = {isa = PBXFileReference; fileEncoding = 4; lastKnownFileType = sourcecode.c.objc; path = FetalMoveCounterProgressView.m; sourceTree = "<group>"; };
		5C5A37DD1A8A070900A37747 /* annularBottomShow@2x.png */ = {isa = PBXFileReference; lastKnownFileType = image.png; path = "annularBottomShow@2x.png"; sourceTree = "<group>"; };
		5C5A37DE1A8A070900A37747 /* annularFrontShow@2x.png */ = {isa = PBXFileReference; lastKnownFileType = image.png; path = "annularFrontShow@2x.png"; sourceTree = "<group>"; };
		5C5A37E11A8A072B00A37747 /* arrowBg@2x.png */ = {isa = PBXFileReference; lastKnownFileType = image.png; path = "arrowBg@2x.png"; sourceTree = "<group>"; };
/* End PBXFileReference section */

/* Begin PBXFrameworksBuildPhase section */
		5C5A37AE1A8A03EC00A37747 /* Frameworks */ = {
			isa = PBXFrameworksBuildPhase;
			buildActionMask = 2147483647;
			files = (
			);
			runOnlyForDeploymentPostprocessing = 0;
		};
		5C5A37C71A8A03EC00A37747 /* Frameworks */ = {
			isa = PBXFrameworksBuildPhase;
			buildActionMask = 2147483647;
			files = (
			);
			runOnlyForDeploymentPostprocessing = 0;
		};
/* End PBXFrameworksBuildPhase section */

/* Begin PBXGroup section */
		5C5A37A81A8A03EC00A37747 = {
			isa = PBXGroup;
			children = (
				5C5A37B31A8A03EC00A37747 /* LMFetalMoveCounterProgress */,
				5C5A37CD1A8A03EC00A37747 /* LMFetalMoveCounterProgressTests */,
				5C5A37B21A8A03EC00A37747 /* Products */,
			);
			sourceTree = "<group>";
		};
		5C5A37B21A8A03EC00A37747 /* Products */ = {
			isa = PBXGroup;
			children = (
				5C5A37B11A8A03EC00A37747 /* LMFetalMoveCounterProgress.app */,
				5C5A37CA1A8A03EC00A37747 /* LMFetalMoveCounterProgressTests.xctest */,
			);
			name = Products;
			sourceTree = "<group>";
		};
		5C5A37B31A8A03EC00A37747 /* LMFetalMoveCounterProgress */ = {
			isa = PBXGroup;
			children = (
				5C5A37E11A8A072B00A37747 /* arrowBg@2x.png */,
				5C5A37DD1A8A070900A37747 /* annularBottomShow@2x.png */,
				5C5A37DE1A8A070900A37747 /* annularFrontShow@2x.png */,
				5C5A37DA1A8A043B00A37747 /* FetalMoveCounterProgressView.h */,
				5C5A37DB1A8A043B00A37747 /* FetalMoveCounterProgressView.m */,
				5C5A37B81A8A03EC00A37747 /* AppDelegate.h */,
				5C5A37B91A8A03EC00A37747 /* AppDelegate.m */,
				5C5A37BB1A8A03EC00A37747 /* ViewController.h */,
				5C5A37BC1A8A03EC00A37747 /* ViewController.m */,
				5C5A37BE1A8A03EC00A37747 /* Main.storyboard */,
				5C5A37C11A8A03EC00A37747 /* Images.xcassets */,
				5C5A37C31A8A03EC00A37747 /* LaunchScreen.xib */,
				5C5A37B41A8A03EC00A37747 /* Supporting Files */,
			);
			path = LMFetalMoveCounterProgress;
			sourceTree = "<group>";
		};
		5C5A37B41A8A03EC00A37747 /* Supporting Files */ = {
			isa = PBXGroup;
			children = (
				5C5A37B51A8A03EC00A37747 /* Info.plist */,
				5C5A37B61A8A03EC00A37747 /* main.m */,
			);
			name = "Supporting Files";
			sourceTree = "<group>";
		};
		5C5A37CD1A8A03EC00A37747 /* LMFetalMoveCounterProgressTests */ = {
			isa = PBXGroup;
			children = (
				5C5A37D01A8A03EC00A37747 /* LMFetalMoveCounterProgressTests.m */,
				5C5A37CE1A8A03EC00A37747 /* Supporting Files */,
			);
			path = LMFetalMoveCounterProgressTests;
			sourceTree = "<group>";
		};
		5C5A37CE1A8A03EC00A37747 /* Supporting Files */ = {
			isa = PBXGroup;
			children = (
				5C5A37CF1A8A03EC00A37747 /* Info.plist */,
			);
			name = "Supporting Files";
			sourceTree = "<group>";
		};
/* End PBXGroup section */

/* Begin PBXNativeTarget section */
		5C5A37B01A8A03EC00A37747 /* LMFetalMoveCounterProgress */ = {
			isa = PBXNativeTarget;
			buildConfigurationList = 5C5A37D41A8A03EC00A37747 /* Build configuration list for PBXNativeTarget "LMFetalMoveCounterProgress" */;
			buildPhases = (
				5C5A37AD1A8A03EC00A37747 /* Sources */,
				5C5A37AE1A8A03EC00A37747 /* Frameworks */,
				5C5A37AF1A8A03EC00A37747 /* Resources */,
			);
			buildRules = (
			);
			dependencies = (
			);
			name = LMFetalMoveCounterProgress;
			productName = LMFetalMoveCounterProgress;
			productReference = 5C5A37B11A8A03EC00A37747 /* LMFetalMoveCounterProgress.app */;
			productType = "com.apple.product-type.application";
		};
		5C5A37C91A8A03EC00A37747 /* LMFetalMoveCounterProgressTests */ = {
			isa = PBXNativeTarget;
			buildConfigurationList = 5C5A37D71A8A03EC00A37747 /* Build configuration list for PBXNativeTarget "LMFetalMoveCounterProgressTests" */;
			buildPhases = (
				5C5A37C61A8A03EC00A37747 /* Sources */,
				5C5A37C71A8A03EC00A37747 /* Frameworks */,
				5C5A37C81A8A03EC00A37747 /* Resources */,
			);
			buildRules = (
			);
			dependencies = (
				5C5A37CC1A8A03EC00A37747 /* PBXTargetDependency */,
			);
			name = LMFetalMoveCounterProgressTests;
			productName = LMFetalMoveCounterProgressTests;
			productReference = 5C5A37CA1A8A03EC00A37747 /* LMFetalMoveCounterProgressTests.xctest */;
			productType = "com.apple.product-type.bundle.unit-test";
		};
/* End PBXNativeTarget section */

/* Begin PBXProject section */
		5C5A37A91A8A03EC00A37747 /* Project object */ = {
			isa = PBXProject;
			attributes = {
				LastUpgradeCheck = 0610;
				ORGANIZATIONNAME = leihuiwu;
				TargetAttributes = {
					5C5A37B01A8A03EC00A37747 = {
						CreatedOnToolsVersion = 6.1.1;
					};
					5C5A37C91A8A03EC00A37747 = {
						CreatedOnToolsVersion = 6.1.1;
						TestTargetID = 5C5A37B01A8A03EC00A37747;
					};
				};
			};
			buildConfigurationList = 5C5A37AC1A8A03EC00A37747 /* Build configuration list for PBXProject "LMFetalMoveCounterProgress" */;
			compatibilityVersion = "Xcode 3.2";
			developmentRegion = English;
			hasScannedForEncodings = 0;
			knownRegions = (
				en,
				Base,
			);
			mainGroup = 5C5A37A81A8A03EC00A37747;
			productRefGroup = 5C5A37B21A8A03EC00A37747 /* Products */;
			projectDirPath = "";
			projectRoot = "";
			targets = (
				5C5A37B01A8A03EC00A37747 /* LMFetalMoveCounterProgress */,
				5C5A37C91A8A03EC00A37747 /* LMFetalMoveCounterProgressTests */,
			);
		};
/* End PBXProject section */

/* Begin PBXResourcesBuildPhase section */
		5C5A37AF1A8A03EC00A37747 /* Resources */ = {
			isa = PBXResourcesBuildPhase;
			buildActionMask = 2147483647;
			files = (
				5C5A37DF1A8A070900A37747 /* annularBottomShow@2x.png in Resources */,
				5C5A37E21A8A072B00A37747 /* arrowBg@2x.png in Resources */,
				5C5A37E01A8A070900A37747 /* annularFrontShow@2x.png in Resources */,
				5C5A37C01A8A03EC00A37747 /* Main.storyboard in Resources */,
				5C5A37C51A8A03EC00A37747 /* LaunchScreen.xib in Resources */,
				5C5A37C21A8A03EC00A37747 /* Images.xcassets in Resources */,
			);
			runOnlyForDeploymentPostprocessing = 0;
		};
		5C5A37C81A8A03EC00A37747 /* Resources */ = {
			isa = PBXResourcesBuildPhase;
			buildActionMask = 2147483647;
			files = (
			);
			runOnlyForDeploymentPostprocessing = 0;
		};
/* End PBXResourcesBuildPhase section */

/* Begin PBXSourcesBuildPhase section */
		5C5A37AD1A8A03EC00A37747 /* Sources */ = {
			isa = PBXSourcesBuildPhase;
			buildActionMask = 2147483647;
			files = (
				5C5A37DC1A8A043B00A37747 /* FetalMoveCounterProgressView.m in Sources */,
				5C5A37BD1A8A03EC00A37747 /* ViewController.m in Sources */,
				5C5A37BA1A8A03EC00A37747 /* AppDelegate.m in Sources */,
				5C5A37B71A8A03EC00A37747 /* main.m in Sources */,
			);
			runOnlyForDeploymentPostprocessing = 0;
		};
		5C5A37C61A8A03EC00A37747 /* Sources */ = {
			isa = PBXSourcesBuildPhase;
			buildActionMask = 2147483647;
			files = (
				5C5A37D11A8A03EC00A37747 /* LMFetalMoveCounterProgressTests.m in Sources */,
			);
			runOnlyForDeploymentPostprocessing = 0;
		};
/* End PBXSourcesBuildPhase section */

/* Begin PBXTargetDependency section */
		5C5A37CC1A8A03EC00A37747 /* PBXTargetDependency */ = {
			isa = PBXTargetDependency;
			target = 5C5A37B01A8A03EC00A37747 /* LMFetalMoveCounterProgress */;
			targetProxy = 5C5A37CB1A8A03EC00A37747 /* PBXContainerItemProxy */;
		};
/* End PBXTargetDependency section */

/* Begin PBXVariantGroup section */
		5C5A37BE1A8A03EC00A37747 /* Main.storyboard */ = {
			isa = PBXVariantGroup;
			children = (
				5C5A37BF1A8A03EC00A37747 /* Base */,
			);
			name = Main.storyboard;
			sourceTree = "<group>";
		};
		5C5A37C31A8A03EC00A37747 /* LaunchScreen.xib */ = {
			isa = PBXVariantGroup;
			children = (
				5C5A37C41A8A03EC00A37747 /* Base */,
			);
			name = LaunchScreen.xib;
			sourceTree = "<group>";
		};
/* End PBXVariantGroup section */

/* Begin XCBuildConfiguration section */
		5C5A37D21A8A03EC00A37747 /* Debug */ = {
			isa = XCBuildConfiguration;
			buildSettings = {
				ALWAYS_SEARCH_USER_PATHS = NO;
				CLANG_CXX_LANGUAGE_STANDARD = "gnu++0x";
				CLANG_CXX_LIBRARY = "libc++";
				CLANG_ENABLE_MODULES = YES;
				CLANG_ENABLE_OBJC_ARC = YES;
				CLANG_WARN_BOOL_CONVERSION = YES;
				CLANG_WARN_CONSTANT_CONVERSION = YES;
				CLANG_WARN_DIRECT_OBJC_ISA_USAGE = YES_ERROR;
				CLANG_WARN_EMPTY_BODY = YES;
				CLANG_WARN_ENUM_CONVERSION = YES;
				CLANG_WARN_INT_CONVERSION = YES;
				CLANG_WARN_OBJC_ROOT_CLASS = YES_ERROR;
				CLANG_WARN_UNREACHABLE_CODE = YES;
				CLANG_WARN__DUPLICATE_METHOD_MATCH = YES;
				"CODE_SIGN_IDENTITY[sdk=iphoneos*]" = "iPhone Developer";
				COPY_PHASE_STRIP = NO;
				ENABLE_STRICT_OBJC_MSGSEND = YES;
				GCC_C_LANGUAGE_STANDARD = gnu99;
				GCC_DYNAMIC_NO_PIC = NO;
				GCC_OPTIMIZATION_LEVEL = 0;
				GCC_PREPROCESSOR_DEFINITIONS = (
					"DEBUG=1",
					"$(inherited)",
				);
				GCC_SYMBOLS_PRIVATE_EXTERN = NO;
				GCC_WARN_64_TO_32_BIT_CONVERSION = YES;
				GCC_WARN_ABOUT_RETURN_TYPE = YES_ERROR;
				GCC_WARN_UNDECLARED_SELECTOR = YES;
				GCC_WARN_UNINITIALIZED_AUTOS = YES_AGGRESSIVE;
				GCC_WARN_UNUSED_FUNCTION = YES;
				GCC_WARN_UNUSED_VARIABLE = YES;
				IPHONEOS_DEPLOYMENT_TARGET = 8.1;
				MTL_ENABLE_DEBUG_INFO = YES;
				ONLY_ACTIVE_ARCH = YES;
				SDKROOT = iphoneos;
				TARGETED_DEVICE_FAMILY = "1,2";
			};
			name = Debug;
		};
		5C5A37D31A8A03EC00A37747 /* Release */ = {
			isa = XCBuildConfiguration;
			buildSettings = {
				ALWAYS_SEARCH_USER_PATHS = NO;
				CLANG_CXX_LANGUAGE_STANDARD = "gnu++0x";
				CLANG_CXX_LIBRARY = "libc++";
				CLANG_ENABLE_MODULES = YES;
				CLANG_ENABLE_OBJC_ARC = YES;
				CLANG_WARN_BOOL_CONVERSION = YES;
				CLANG_WARN_CONSTANT_CONVERSION = YES;
				CLANG_WARN_DIRECT_OBJC_ISA_USAGE = YES_ERROR;
				CLANG_WARN_EMPTY_BODY = YES;
				CLANG_WARN_ENUM_CONVERSION = YES;
				CLANG_WARN_INT_CONVERSION = YES;
				CLANG_WARN_OBJC_ROOT_CLASS = YES_ERROR;
				CLANG_WARN_UNREACHABLE_CODE = YES;
				CLANG_WARN__DUPLICATE_METHOD_MATCH = YES;
				"CODE_SIGN_IDENTITY[sdk=iphoneos*]" = "iPhone Developer";
				COPY_PHASE_STRIP = YES;
				ENABLE_NS_ASSERTIONS = NO;
				ENABLE_STRICT_OBJC_MSGSEND = YES;
				GCC_C_LANGUAGE_STANDARD = gnu99;
				GCC_WARN_64_TO_32_BIT_CONVERSION = YES;
				GCC_WARN_ABOUT_RETURN_TYPE = YES_ERROR;
				GCC_WARN_UNDECLARED_SELECTOR = YES;
				GCC_WARN_UNINITIALIZED_AUTOS = YES_AGGRESSIVE;
				GCC_WARN_UNUSED_FUNCTION = YES;
				GCC_WARN_UNUSED_VARIABLE = YES;
				IPHONEOS_DEPLOYMENT_TARGET = 8.1;
				MTL_ENABLE_DEBUG_INFO = NO;
				SDKROOT = iphoneos;
				TARGETED_DEVICE_FAMILY = "1,2";
				VALIDATE_PRODUCT = YES;
			};
			name = Release;
		};
		5C5A37D51A8A03EC00A37747 /* Debug */ = {
			isa = XCBuildConfiguration;
			buildSettings = {
				ASSETCATALOG_COMPILER_APPICON_NAME = AppIcon;
				INFOPLIST_FILE = LMFetalMoveCounterProgress/Info.plist;
				LD_RUNPATH_SEARCH_PATHS = "$(inherited) @executable_path/Frameworks";
				PRODUCT_NAME = "$(TARGET_NAME)";
			};
			name = Debug;
		};
		5C5A37D61A8A03EC00A37747 /* Release */ = {
			isa = XCBuildConfiguration;
			buildSettings = {
				ASSETCATALOG_COMPILER_APPICON_NAME = AppIcon;
				INFOPLIST_FILE = LMFetalMoveCounterProgress/Info.plist;
				LD_RUNPATH_SEARCH_PATHS = "$(inherited) @executable_path/Frameworks";
				PRODUCT_NAME = "$(TARGET_NAME)";
			};
			name = Release;
		};
		5C5A37D81A8A03EC00A37747 /* Debug */ = {
			isa = XCBuildConfiguration;
			buildSettings = {
				BUNDLE_LOADER = "$(TEST_HOST)";
				FRAMEWORK_SEARCH_PATHS = (
					"$(SDKROOT)/Developer/Library/Frameworks",
					"$(inherited)",
				);
				GCC_PREPROCESSOR_DEFINITIONS = (
					"DEBUG=1",
					"$(inherited)",
				);
				INFOPLIST_FILE = LMFetalMoveCounterProgressTests/Info.plist;
				LD_RUNPATH_SEARCH_PATHS = "$(inherited) @executable_path/Frameworks @loader_path/Frameworks";
				PRODUCT_NAME = "$(TARGET_NAME)";
				TEST_HOST = "$(BUILT_PRODUCTS_DIR)/LMFetalMoveCounterProgress.app/LMFetalMoveCounterProgress";
			};
			name = Debug;
		};
		5C5A37D91A8A03EC00A37747 /* Release */ = {
			isa = XCBuildConfiguration;
			buildSettings = {
				BUNDLE_LOADER = "$(TEST_HOST)";
				FRAMEWORK_SEARCH_PATHS = (
					"$(SDKROOT)/Developer/Library/Frameworks",
					"$(inherited)",
				);
				INFOPLIST_FILE = LMFetalMoveCounterProgressTests/Info.plist;
				LD_RUNPATH_SEARCH_PATHS = "$(inherited) @executable_path/Frameworks @loader_path/Frameworks";
				PRODUCT_NAME = "$(TARGET_NAME)";
				TEST_HOST = "$(BUILT_PRODUCTS_DIR)/LMFetalMoveCounterProgress.app/LMFetalMoveCounterProgress";
			};
			name = Release;
		};
/* End XCBuildConfiguration section */

/* Begin XCConfigurationList section */
		5C5A37AC1A8A03EC00A37747 /* Build configuration list for PBXProject "LMFetalMoveCounterProgress" */ = {
			isa = XCConfigurationList;
			buildConfigurations = (
				5C5A37D21A8A03EC00A37747 /* Debug */,
				5C5A37D31A8A03EC00A37747 /* Release */,
			);
			defaultConfigurationIsVisible = 0;
			defaultConfigurationName = Release;
		};
		5C5A37D41A8A03EC00A37747 /* Build configuration list for PBXNativeTarget "LMFetalMoveCounterProgress" */ = {
			isa = XCConfigurationList;
			buildConfigurations = (
				5C5A37D51A8A03EC00A37747 /* Debug */,
				5C5A37D61A8A03EC00A37747 /* Release */,
			);
			defaultConfigurationIsVisible = 0;
		};
		5C5A37D71A8A03EC00A37747 /* Build configuration list for PBXNativeTarget "LMFetalMoveCounterProgressTests" */ = {
			isa = XCConfigurationList;
			buildConfigurations = (
				5C5A37D81A8A03EC00A37747 /* Debug */,
				5C5A37D91A8A03EC00A37747 /* Release */,
			);
			defaultConfigurationIsVisible = 0;
		};
/* End XCConfigurationList section */
	};
	rootObject = 5C5A37A91A8A03EC00A37747 /* Project object */;
}
